
Microsoft Visual Studio Solution File, Format Version 12.00
# Visual Studio Version 17
VisualStudioVersion = 17.3.32819.101
MinimumVisualStudioVersion = 10.0.40219.1
Project("{FAE04EC0-301F-11D3-BF4B-00C04F79EFBC}") = "WebApplication1", "WebApplication1\WebApplication1.csproj", "{8ADB5977-469E-42EA-8833-8CBD1575ECF8}"
EndProject
Global
	GlobalSection(SolutionConfigurationPlatforms) = preSolution
		Debug|Any CPU = Debug|Any CPU
		Release|Any CPU = Release|Any CPU
	EndGlobalSection
	GlobalSection(ProjectConfigurationPlatforms) = postSolution
		{8ADB5977-469E-42EA-8833-8CBD1575ECF8}.Debug|Any CPU.ActiveCfg = Debug|Any CPU
		{8ADB5977-469E-42EA-8833-8CBD1575ECF8}.Debug|Any CPU.Build.0 = Debug|Any CPU
		{8ADB5977-469E-42EA-8833-8CBD1575ECF8}.Release|Any CPU.ActiveCfg = Release|Any CPU
		{8ADB5977-469E-42EA-8833-8CBD1575ECF8}.Release|Any CPU.Build.0 = Release|Any CPU
	EndGlobalSection
	GlobalSection(SolutionProperties) = preSolution
		HideSolutionNode = FALSE
	EndGlobalSection
	GlobalSection(ExtensibilityGlobals) = postSolution
		SolutionGuid = {C4F09D75-286F-402B-AD70-64B51353B3BB}
	EndGlobalSection
EndGlobal
